
Microsoft Visual Studio Solution File, Format Version 12.00
# Visual Studio Version 17
VisualStudioVersion = 17.9.34616.47
MinimumVisualStudioVersion = 10.0.40219.1
Project("{9A19103F-16F7-4668-BE54-9A1E7A4F7556}") = "BlazorMasterDetails", "BlazorMasterDetails\BlazorMasterDetails\BlazorMasterDetails.csproj", "{2322CB77-E4EA-489E-A4E4-9A076ACE1B4A}"
EndProject
Project("{9A19103F-16F7-4668-BE54-9A1E7A4F7556}") = "BlazorMasterDetails.Client", "BlazorMasterDetails\BlazorMasterDetails.Client\BlazorMasterDetails.Client.csproj", "{F14688AC-60AD-47D1-BECD-92FA909E72B0}"
EndProject
Project("{9A19103F-16F7-4668-BE54-9A1E7A4F7556}") = "BlazorMasterDetails.Models", "BlazorMasterDetails.Models\BlazorMasterDetails.Models.csproj", "{3A958A9E-59EE-4703-95DC-542A6A0EFF17}"
EndProject
Global
	GlobalSection(SolutionConfigurationPlatforms) = preSolution
		Debug|Any CPU = Debug|Any CPU
		Release|Any CPU = Release|Any CPU
	EndGlobalSection
	GlobalSection(ProjectConfigurationPlatforms) = postSolution
		{2322CB77-E4EA-489E-A4E4-9A076ACE1B4A}.Debug|Any CPU.ActiveCfg = Debug|Any CPU
		{2322CB77-E4EA-489E-A4E4-9A076ACE1B4A}.Debug|Any CPU.Build.0 = Debug|Any CPU
		{2322CB77-E4EA-489E-A4E4-9A076ACE1B4A}.Release|Any CPU.ActiveCfg = Release|Any CPU
		{2322CB77-E4EA-489E-A4E4-9A076ACE1B4A}.Release|Any CPU.Build.0 = Release|Any CPU
		{F14688AC-60AD-47D1-BECD-92FA909E72B0}.Debug|Any CPU.ActiveCfg = Debug|Any CPU
		{F14688AC-60AD-47D1-BECD-92FA909E72B0}.Debug|Any CPU.Build.0 = Debug|Any CPU
		{F14688AC-60AD-47D1-BECD-92FA909E72B0}.Release|Any CPU.ActiveCfg = Release|Any CPU
		{F14688AC-60AD-47D1-BECD-92FA909E72B0}.Release|Any CPU.Build.0 = Release|Any CPU
		{3A958A9E-59EE-4703-95DC-542A6A0EFF17}.Debug|Any CPU.ActiveCfg = Debug|Any CPU
		{3A958A9E-59EE-4703-95DC-542A6A0EFF17}.Debug|Any CPU.Build.0 = Debug|Any CPU
		{3A958A9E-59EE-4703-95DC-542A6A0EFF17}.Release|Any CPU.ActiveCfg = Release|Any CPU
		{3A958A9E-59EE-4703-95DC-542A6A0EFF17}.Release|Any CPU.Build.0 = Release|Any CPU
	EndGlobalSection
	GlobalSection(SolutionProperties) = preSolution
		HideSolutionNode = FALSE
	EndGlobalSection
	GlobalSection(ExtensibilityGlobals) = postSolution
		SolutionGuid = {25D06B93-1B33-48EA-973E-34B595ED41E8}
	EndGlobalSection
EndGlobal
